
Microsoft Visual Studio Solution File, Format Version 12.00
# Visual Studio Version 17
VisualStudioVersion = 17.11.35208.52
MinimumVisualStudioVersion = 10.0.40219.1
Project("{FAE04EC0-301F-11D3-BF4B-00C04F79EFBC}") = "WebApplication1", "WebApplication1\WebApplication1.csproj", "{7F80E8AB-45D2-45F4-B066-4B657D6961F7}"
EndProject
Global
	GlobalSection(SolutionConfigurationPlatforms) = preSolution
		Debug|Any CPU = Debug|Any CPU
		Release|Any CPU = Release|Any CPU
	EndGlobalSection
	GlobalSection(ProjectConfigurationPlatforms) = postSolution
		{7F80E8AB-45D2-45F4-B066-4B657D6961F7}.Debug|Any CPU.ActiveCfg = Debug|Any CPU
		{7F80E8AB-45D2-45F4-B066-4B657D6961F7}.Debug|Any CPU.Build.0 = Debug|Any CPU
		{7F80E8AB-45D2-45F4-B066-4B657D6961F7}.Release|Any CPU.ActiveCfg = Release|Any CPU
		{7F80E8AB-45D2-45F4-B066-4B657D6961F7}.Release|Any CPU.Build.0 = Release|Any CPU
	EndGlobalSection
	GlobalSection(SolutionProperties) = preSolution
		HideSolutionNode = FALSE
	EndGlobalSection
	GlobalSection(ExtensibilityGlobals) = postSolution
		SolutionGuid = {80C66549-7CFC-413C-9BA3-930623D982D6}
	EndGlobalSection
EndGlobal
